
Microsoft Visual Studio Solution File, Format Version 12.00
# Visual Studio Version 16
VisualStudioVersion = 16.0.30413.136
MinimumVisualStudioVersion = 10.0.40219.1
Project("{8BC9CEB8-8B4A-11D0-8D11-00A0C91BC942}") = "USBApp", "USBApp\USBApp.vcxproj", "{858B9CFB-1754-430C-B1E9-99C64A4D0AD0}"
EndProject
Project("{8BC9CEB8-8B4A-11D0-8D11-00A0C91BC942}") = "USBAppPackage", "USBAppPackage\USBAppPackage.vcxproj", "{91476CEB-4829-41A3-82BC-6771D247ED77}"
EndProject
Global
	GlobalSection(SolutionConfigurationPlatforms) = preSolution
		Debug|ARM = Debug|ARM
		Debug|ARM64 = Debug|ARM64
		Debug|x64 = Debug|x64
		Debug|x86 = Debug|x86
		Release|ARM = Release|ARM
		Release|ARM64 = Release|ARM64
		Release|x64 = Release|x64
		Release|x86 = Release|x86
	EndGlobalSection
	GlobalSection(ProjectConfigurationPlatforms) = postSolution
		{858B9CFB-1754-430C-B1E9-99C64A4D0AD0}.Debug|ARM.ActiveCfg = Debug|ARM
		{858B9CFB-1754-430C-B1E9-99C64A4D0AD0}.Debug|ARM.Build.0 = Debug|ARM
		{858B9CFB-1754-430C-B1E9-99C64A4D0AD0}.Debug|ARM64.ActiveCfg = Debug|ARM64
		{858B9CFB-1754-430C-B1E9-99C64A4D0AD0}.Debug|ARM64.Build.0 = Debug|ARM64
		{858B9CFB-1754-430C-B1E9-99C64A4D0AD0}.Debug|x64.ActiveCfg = Debug|x64
		{858B9CFB-1754-430C-B1E9-99C64A4D0AD0}.Debug|x64.Build.0 = Debug|x64
		{858B9CFB-1754-430C-B1E9-99C64A4D0AD0}.Debug|x86.ActiveCfg = Debug|Win32
		{858B9CFB-1754-430C-B1E9-99C64A4D0AD0}.Debug|x86.Build.0 = Debug|Win32
		{858B9CFB-1754-430C-B1E9-99C64A4D0AD0}.Release|ARM.ActiveCfg = Release|ARM
		{858B9CFB-1754-430C-B1E9-99C64A4D0AD0}.Release|ARM.Build.0 = Release|ARM
		{858B9CFB-1754-430C-B1E9-99C64A4D0AD0}.Release|ARM64.ActiveCfg = Release|ARM64
		{858B9CFB-1754-430C-B1E9-99C64A4D0AD0}.Release|ARM64.Build.0 = Release|ARM64
		{858B9CFB-1754-430C-B1E9-99C64A4D0AD0}.Release|x64.ActiveCfg = Release|x64
		{858B9CFB-1754-430C-B1E9-99C64A4D0AD0}.Release|x64.Build.0 = Release|x64
		{858B9CFB-1754-430C-B1E9-99C64A4D0AD0}.Release|x86.ActiveCfg = Release|Win32
		{858B9CFB-1754-430C-B1E9-99C64A4D0AD0}.Release|x86.Build.0 = Release|Win32
		{91476CEB-4829-41A3-82BC-6771D247ED77}.Debug|ARM.ActiveCfg = Debug|ARM
		{91476CEB-4829-41A3-82BC-6771D247ED77}.Debug|ARM.Build.0 = Debug|ARM
		{91476CEB-4829-41A3-82BC-6771D247ED77}.Debug|ARM.Deploy.0 = Debug|ARM
		{91476CEB-4829-41A3-82BC-6771D247ED77}.Debug|ARM64.ActiveCfg = Debug|ARM64
		{91476CEB-4829-41A3-82BC-6771D247ED77}.Debug|ARM64.Build.0 = Debug|ARM64
		{91476CEB-4829-41A3-82BC-6771D247ED77}.Debug|ARM64.Deploy.0 = Debug|ARM64
		{91476CEB-4829-41A3-82BC-6771D247ED77}.Debug|x64.ActiveCfg = Debug|x64
		{91476CEB-4829-41A3-82BC-6771D247ED77}.Debug|x64.Build.0 = Debug|x64
		{91476CEB-4829-41A3-82BC-6771D247ED77}.Debug|x64.Deploy.0 = Debug|x64
		{91476CEB-4829-41A3-82BC-6771D247ED77}.Debug|x86.ActiveCfg = Debug|Win32
		{91476CEB-4829-41A3-82BC-6771D247ED77}.Debug|x86.Build.0 = Debug|Win32
		{91476CEB-4829-41A3-82BC-6771D247ED77}.Debug|x86.Deploy.0 = Debug|Win32
		{91476CEB-4829-41A3-82BC-6771D247ED77}.Release|ARM.ActiveCfg = Release|ARM
		{91476CEB-4829-41A3-82BC-6771D247ED77}.Release|ARM.Build.0 = Release|ARM
		{91476CEB-4829-41A3-82BC-6771D247ED77}.Release|ARM.Deploy.0 = Release|ARM
		{91476CEB-4829-41A3-82BC-6771D247ED77}.Release|ARM64.ActiveCfg = Release|ARM64
		{91476CEB-4829-41A3-82BC-6771D247ED77}.Release|ARM64.Build.0 = Release|ARM64
		{91476CEB-4829-41A3-82BC-6771D247ED77}.Release|ARM64.Deploy.0 = Release|ARM64
		{91476CEB-4829-41A3-82BC-6771D247ED77}.Release|x64.ActiveCfg = Release|x64
		{91476CEB-4829-41A3-82BC-6771D247ED77}.Release|x64.Build.0 = Release|x64
		{91476CEB-4829-41A3-82BC-6771D247ED77}.Release|x64.Deploy.0 = Release|x64
		{91476CEB-4829-41A3-82BC-6771D247ED77}.Release|x86.ActiveCfg = Release|Win32
		{91476CEB-4829-41A3-82BC-6771D247ED77}.Release|x86.Build.0 = Release|Win32
		{91476CEB-4829-41A3-82BC-6771D247ED77}.Release|x86.Deploy.0 = Release|Win32
	EndGlobalSection
	GlobalSection(SolutionProperties) = preSolution
		HideSolutionNode = FALSE
	EndGlobalSection
	GlobalSection(ExtensibilityGlobals) = postSolution
		SolutionGuid = {5F880D1E-38C3-4F22-9EF2-FF94D1934D14}
	EndGlobalSection
EndGlobal
